// !$*UTF8*$!
{
	archiveVersion = 1;
	classes = {
	};
	objectVersion = 46;
	objects = {

/* Begin PBXBuildFile section */
		711BA3491DCB0E5300E931F3 /* AppDelegate.m in Sources */ = {isa = PBXBuildFile; fileRef = 711BA3481DCB0E5300E931F3 /* AppDelegate.m */; };
		711BA34C1DCB0E5300E931F3 /* main.m in Sources */ = {isa = PBXBuildFile; fileRef = 711BA34B1DCB0E5300E931F3 /* main.m */; };
		711BA3541DCB0E5300E931F3 /* Main.storyboard in Resources */ = {isa = PBXBuildFile; fileRef = 711BA3521DCB0E5300E931F3 /* Main.storyboard */; };
		711BA35D1DCB0EFE00E931F3 /* SplitViewController.m in Sources */ = {isa = PBXBuildFile; fileRef = 711BA35C1DCB0EFE00E931F3 /* SplitViewController.m */; };
		711BA3601DCB270200E931F3 /* WindowController.m in Sources */ = {isa = PBXBuildFile; fileRef = 711BA35F1DCB270200E931F3 /* WindowController.m */; };
		71B0A0A91DCB27A3004165A8 /* splitOpen@2x.png in Resources */ = {isa = PBXBuildFile; fileRef = 71B0A0A71DCB27A3004165A8 /* splitOpen@2x.png */; };
		71B0A0AA1DCB27A3004165A8 /* splitOpen.png in Resources */ = {isa = PBXBuildFile; fileRef = 71B0A0A81DCB27A3004165A8 /* splitOpen.png */; };
		BA0ED74C23F41308008D566F /* copy.jpg in Resources */ = {isa = PBXBuildFile; fileRef = BA0ED74B23F41308008D566F /* copy.jpg */; };
		BA0ED74E23F41313008D566F /* paste.jpg in Resources */ = {isa = PBXBuildFile; fileRef = BA0ED74D23F41313008D566F /* paste.jpg */; };
		BA0ED7B42408ADF4008D566F /* CommandHandler.mm in Sources */ = {isa = PBXBuildFile; fileRef = BA0ED7712408ADF4008D566F /* CommandHandler.mm */; };
		BA0ED7B52408ADF4008D566F /* DebugLog.mm in Sources */ = {isa = PBXBuildFile; fileRef = BA0ED7732408ADF4008D566F /* DebugLog.mm */; };
		BA0ED7B62408ADF4008D566F /* StimCmdList_V2.plist in Resources */ = {isa = PBXBuildFile; fileRef = BA0ED7742408ADF4008D566F /* StimCmdList_V2.plist */; };
		BA0ED7B72408ADF4008D566F /* ExtensionConst.mm in Sources */ = {isa = PBXBuildFile; fileRef = BA0ED7762408ADF4008D566F /* ExtensionConst.mm */; };
		BA0ED7BA2408ADF4008D566F /* ELoadViewController.xib in Resources */ = {isa = PBXBuildFile; fileRef = BA0ED77E2408ADF4008D566F /* ELoadViewController.xib */; };
		BA0ED7BB2408ADF4008D566F /* ELoadViewController.mm in Sources */ = {isa = PBXBuildFile; fileRef = BA0ED7802408ADF4008D566F /* ELoadViewController.mm */; };
		BA0ED7BC2408ADF4008D566F /* ButtonPressViewController.mm in Sources */ = {isa = PBXBuildFile; fileRef = BA0ED7822408ADF4008D566F /* ButtonPressViewController.mm */; };
		BA0ED7BD2408ADF4008D566F /* ButtonPressViewController.xib in Resources */ = {isa = PBXBuildFile; fileRef = BA0ED7832408ADF4008D566F /* ButtonPressViewController.xib */; };
		BA0ED7BE2408ADF4008D566F /* ORION.jpg in Resources */ = {isa = PBXBuildFile; fileRef = BA0ED7862408ADF4008D566F /* ORION.jpg */; };
		BA0ED7BF2408ADF4008D566F /* E_Load.jpg in Resources */ = {isa = PBXBuildFile; fileRef = BA0ED7872408ADF4008D566F /* E_Load.jpg */; };
		BA0ED7C02408ADF4008D566F /* switch2_on.jpg in Resources */ = {isa = PBXBuildFile; fileRef = BA0ED7882408ADF4008D566F /* switch2_on.jpg */; };
		BA0ED7C12408ADF4008D566F /* NTC.jpg in Resources */ = {isa = PBXBuildFile; fileRef = BA0ED7892408ADF4008D566F /* NTC.jpg */; };
		BA0ED7C22408ADF4008D566F /* RIGEL.jpg in Resources */ = {isa = PBXBuildFile; fileRef = BA0ED78A2408ADF4008D566F /* RIGEL.jpg */; };
		BA0ED7C32408ADF4008D566F /* switch1_off.jpg in Resources */ = {isa = PBXBuildFile; fileRef = BA0ED78B2408ADF4008D566F /* switch1_off.jpg */; };
		BA0ED7C42408ADF4008D566F /* POWER.jpg in Resources */ = {isa = PBXBuildFile; fileRef = BA0ED78C2408ADF4008D566F /* POWER.jpg */; };
		BA0ED7C52408ADF4008D566F /* ResAudio.jpg in Resources */ = {isa = PBXBuildFile; fileRef = BA0ED78D2408ADF4008D566F /* ResAudio.jpg */; };
		BA0ED7C62408ADF4008D566F /* switch2_off.jpg in Resources */ = {isa = PBXBuildFile; fileRef = BA0ED78E2408ADF4008D566F /* switch2_off.jpg */; };
		BA0ED7C72408ADF4008D566F /* switch1_on.jpg in Resources */ = {isa = PBXBuildFile; fileRef = BA0ED78F2408ADF4008D566F /* switch1_on.jpg */; };
		BA0ED7C82408ADF4008D566F /* DISCHARGE.jpg in Resources */ = {isa = PBXBuildFile; fileRef = BA0ED7902408ADF4008D566F /* DISCHARGE.jpg */; };
		BA0ED7C92408ADF4008D566F /* DMIC.jpg in Resources */ = {isa = PBXBuildFile; fileRef = BA0ED7912408ADF4008D566F /* DMIC.jpg */; };
		BA0ED7CA2408ADF4008D566F /* BUTTON_PRESS.jpg in Resources */ = {isa = PBXBuildFile; fileRef = BA0ED7922408ADF4008D566F /* BUTTON_PRESS.jpg */; };
		BA0ED7CB2408ADF4008D566F /* ORIONViewController.mm in Sources */ = {isa = PBXBuildFile; fileRef = BA0ED7952408ADF4008D566F /* ORIONViewController.mm */; };
		BA0ED7CC2408ADF4008D566F /* ORIONViewController.xib in Resources */ = {isa = PBXBuildFile; fileRef = BA0ED7962408ADF4008D566F /* ORIONViewController.xib */; };
		BA0ED7CD2408ADF4008D566F /* DMICViewController.mm in Sources */ = {isa = PBXBuildFile; fileRef = BA0ED7982408ADF4008D566F /* DMICViewController.mm */; };
		BA0ED7CE2408ADF4008D566F /* DMICViewController.xib in Resources */ = {isa = PBXBuildFile; fileRef = BA0ED79A2408ADF4008D566F /* DMICViewController.xib */; };
		BA0ED7CF2408ADF4008D566F /* ResAudioViewController.mm in Sources */ = {isa = PBXBuildFile; fileRef = BA0ED79C2408ADF4008D566F /* ResAudioViewController.mm */; };
		BA0ED7D02408ADF4008D566F /* ResAudioViewController.xib in Resources */ = {isa = PBXBuildFile; fileRef = BA0ED79D2408ADF4008D566F /* ResAudioViewController.xib */; };
		BA0ED7D12408ADF4008D566F /* NTCViewController.mm in Sources */ = {isa = PBXBuildFile; fileRef = BA0ED7A12408ADF4008D566F /* NTCViewController.mm */; };
		BA0ED7D22408ADF4008D566F /* NTCViewController.xib in Resources */ = {isa = PBXBuildFile; fileRef = BA0ED7A22408ADF4008D566F /* NTCViewController.xib */; };
		BA0ED7D32408ADF4008D566F /* DischargeViewController.xib in Resources */ = {isa = PBXBuildFile; fileRef = BA0ED7A52408ADF4008D566F /* DischargeViewController.xib */; };
		BA0ED7D42408ADF4008D566F /* DischargeViewController.mm in Sources */ = {isa = PBXBuildFile; fileRef = BA0ED7A62408ADF4008D566F /* DischargeViewController.mm */; };
		BA0ED7D52408ADF4008D566F /* RigelViewController.xib in Resources */ = {isa = PBXBuildFile; fileRef = BA0ED7A82408ADF4008D566F /* RigelViewController.xib */; };
		BA0ED7D62408ADF4008D566F /* RigelViewController.mm in Sources */ = {isa = PBXBuildFile; fileRef = BA0ED7A92408ADF4008D566F /* RigelViewController.mm */; };
		BA0ED7D72408ADF4008D566F /* STIMBaseViewController.mm in Sources */ = {isa = PBXBuildFile; fileRef = BA0ED7AC2408ADF4008D566F /* STIMBaseViewController.mm */; };
		BA0ED7D82408ADF4008D566F /* StimMainVC.m in Sources */ = {isa = PBXBuildFile; fileRef = BA0ED7AF2408ADF4008D566F /* StimMainVC.m */; };
		BA0ED7D92408ADF4008D566F /* StimMainVC.xib in Resources */ = {isa = PBXBuildFile; fileRef = BA0ED7B02408ADF4008D566F /* StimMainVC.xib */; };
		BA0ED7DA2408ADF4008D566F /* StimTabViewController.mm in Sources */ = {isa = PBXBuildFile; fileRef = BA0ED7B12408ADF4008D566F /* StimTabViewController.mm */; settings = {COMPILER_FLAGS = "-fno-objc-arc"; }; };
		BA229275240DE69D0011D010 /* LeftFileVC.m in Sources */ = {isa = PBXBuildFile; fileRef = BA229273240DE69D0011D010 /* LeftFileVC.m */; };
		BA229276240DE69D0011D010 /* LeftFileVC.xib in Resources */ = {isa = PBXBuildFile; fileRef = BA229274240DE69D0011D010 /* LeftFileVC.xib */; };
		BA229279240DED500011D010 /* OutlineView.m in Sources */ = {isa = PBXBuildFile; fileRef = BA229278240DED500011D010 /* OutlineView.m */; };
		BA229283240E4A0B0011D010 /* Example2_FCT__ACE_FWDL.csv in Resources */ = {isa = PBXBuildFile; fileRef = BA229282240E4A0B0011D010 /* Example2_FCT__ACE_FWDL.csv */; };
		BA229285240E4A100011D010 /* Example1_PP_FCT__20190909_V1.csv in Resources */ = {isa = PBXBuildFile; fileRef = BA229284240E4A100011D010 /* Example1_PP_FCT__20190909_V1.csv */; };
		BA2292ED240E616F0011D010 /* recycle.jpg in Resources */ = {isa = PBXBuildFile; fileRef = BA2292EC240E616F0011D010 /* recycle.jpg */; };
		BA229593241CC0250011D010 /* DutController.mm in Sources */ = {isa = PBXBuildFile; fileRef = BA229591241CC0250011D010 /* DutController.mm */; };
		BA229596241CC0620011D010 /* RegexKitLite.m in Sources */ = {isa = PBXBuildFile; fileRef = BA229595241CC0620011D010 /* RegexKitLite.m */; settings = {COMPILER_FLAGS = "-fno-objc-arc"; }; };
		BA22959C241CC1160011D010 /* PowerViewController.xib in Resources */ = {isa = PBXBuildFile; fileRef = BA22959A241CC1160011D010 /* PowerViewController.xib */; };
		BA22959D241CC1160011D010 /* PowerViewController.mm in Sources */ = {isa = PBXBuildFile; fileRef = BA22959B241CC1160011D010 /* PowerViewController.mm */; settings = {COMPILER_FLAGS = "-fno-objc-arc"; }; };
		BA2295A7241CC2340011D010 /* Publisher.cpp in Sources */ = {isa = PBXBuildFile; fileRef = BA2295A0241CC2330011D010 /* Publisher.cpp */; };
		BA2295A8241CC2340011D010 /* Subscriber.cpp in Sources */ = {isa = PBXBuildFile; fileRef = BA2295A2241CC2330011D010 /* Subscriber.cpp */; };
		BA2295A9241CC2340011D010 /* Requester.cpp in Sources */ = {isa = PBXBuildFile; fileRef = BA2295A4241CC2330011D010 /* Requester.cpp */; };
		BA2295AA241CC2340011D010 /* Replier.cpp in Sources */ = {isa = PBXBuildFile; fileRef = BA2295A6241CC2330011D010 /* Replier.cpp */; };
		BA2295DF241CCDC20011D010 /* libZMQX.a in Frameworks */ = {isa = PBXBuildFile; fileRef = BA2295DD241CCD940011D010 /* libZMQX.a */; };
		BA83277423D19AF40084D385 /* TestPlanVC.m in Sources */ = {isa = PBXBuildFile; fileRef = BA83277223D19AF40084D385 /* TestPlanVC.m */; };
		BA83277523D19AF40084D385 /* TestPlanVC.xib in Resources */ = {isa = PBXBuildFile; fileRef = BA83277323D19AF40084D385 /* TestPlanVC.xib */; };
		BA83277923D19B4B0084D385 /* ShowingLogVC.m in Sources */ = {isa = PBXBuildFile; fileRef = BA83277723D19B4B0084D385 /* ShowingLogVC.m */; };
		BA83277A23D19B4B0084D385 /* ShowingLogVC.xib in Resources */ = {isa = PBXBuildFile; fileRef = BA83277823D19B4B0084D385 /* ShowingLogVC.xib */; };
		BA83277E23D19BBE0084D385 /* DebugVC.m in Sources */ = {isa = PBXBuildFile; fileRef = BA83277C23D19BBE0084D385 /* DebugVC.m */; };
		BA83277F23D19BBE0084D385 /* DebugVC.xib in Resources */ = {isa = PBXBuildFile; fileRef = BA83277D23D19BBE0084D385 /* DebugVC.xib */; };
		BA83278F23E28EF20084D385 /* openDB@2x.png in Resources */ = {isa = PBXBuildFile; fileRef = BA83278E23E28EF20084D385 /* openDB@2x.png */; };
		BA83279D23E46FAC0084D385 /* open.jpg in Resources */ = {isa = PBXBuildFile; fileRef = BA83279423E46FAC0084D385 /* open.jpg */; };
		BA8327A023E46FAC0084D385 /* Debug.jpg in Resources */ = {isa = PBXBuildFile; fileRef = BA83279723E46FAC0084D385 /* Debug.jpg */; };
		BA8327A323E46FAC0084D385 /* Column.jpg in Resources */ = {isa = PBXBuildFile; fileRef = BA83279A23E46FAC0084D385 /* Column.jpg */; };
		BA8327A423E46FAC0084D385 /* Enable.jpg in Resources */ = {isa = PBXBuildFile; fileRef = BA83279B23E46FAC0084D385 /* Enable.jpg */; };
		BA8327A523E46FAD0084D385 /* Resize.jpg in Resources */ = {isa = PBXBuildFile; fileRef = BA83279C23E46FAC0084D385 /* Resize.jpg */; };
		BA8327A723E470B20084D385 /* Disable.jpg in Resources */ = {isa = PBXBuildFile; fileRef = BA8327A623E470B10084D385 /* Disable.jpg */; };
		BA8327A923E470E60084D385 /* Validate.jpg in Resources */ = {isa = PBXBuildFile; fileRef = BA8327A823E470E60084D385 /* Validate.jpg */; };
		BA8327AB23E4713C0084D385 /* Save.jpg in Resources */ = {isa = PBXBuildFile; fileRef = BA8327AA23E4713B0084D385 /* Save.jpg */; };
		BA8327AF23E4732B0084D385 /* Stop.jpg in Resources */ = {isa = PBXBuildFile; fileRef = BA8327AC23E4732A0084D385 /* Stop.jpg */; };
		BA8327B023E4732B0084D385 /* Start.jpg in Resources */ = {isa = PBXBuildFile; fileRef = BA8327AD23E4732A0084D385 /* Start.jpg */; };
		BA8327B123E4732B0084D385 /* Step.jpg in Resources */ = {isa = PBXBuildFile; fileRef = BA8327AE23E4732B0084D385 /* Step.jpg */; };
		BA8327B323E473300084D385 /* Log.jpg in Resources */ = {isa = PBXBuildFile; fileRef = BA8327B223E473300084D385 /* Log.jpg */; };
		BA8327B523E473380084D385 /* Reset.jpg in Resources */ = {isa = PBXBuildFile; fileRef = BA8327B423E473380084D385 /* Reset.jpg */; };
		BA8327BA23E733360084D385 /* Show.jpg in Resources */ = {isa = PBXBuildFile; fileRef = BA8327B823E733360084D385 /* Show.jpg */; };
		BA8327BB23E733360084D385 /* Show_No.jpg in Resources */ = {isa = PBXBuildFile; fileRef = BA8327B923E733360084D385 /* Show_No.jpg */; };
		BA8327BD23E7E9A80084D385 /* Debug_Green.jpg in Resources */ = {isa = PBXBuildFile; fileRef = BA8327BC23E7E9A80084D385 /* Debug_Green.jpg */; };
		BA8327C623E7F3D60084D385 /* DebugSettingVC.m in Sources */ = {isa = PBXBuildFile; fileRef = BA8327C423E7F3D60084D385 /* DebugSettingVC.m */; };
		BA8327C723E7F3D60084D385 /* DebugSettingVC.xib in Resources */ = {isa = PBXBuildFile; fileRef = BA8327C523E7F3D60084D385 /* DebugSettingVC.xib */; };
		BA8327D023E91B990084D385 /* ColumnVC.m in Sources */ = {isa = PBXBuildFile; fileRef = BA8327CE23E91B990084D385 /* ColumnVC.m */; };
		BA8327D123E91B990084D385 /* ColumnVC.xib in Resources */ = {isa = PBXBuildFile; fileRef = BA8327CF23E91B990084D385 /* ColumnVC.xib */; };
		BAEC4827243ACAD300DE8A2B /* libicucore.A.tbd in Frameworks */ = {isa = PBXBuildFile; fileRef = BAEC4826243ACAD300DE8A2B /* libicucore.A.tbd */; };
		BAEC482B243ACB9500DE8A2B /* TMLibrary.framework in Frameworks */ = {isa = PBXBuildFile; fileRef = BAEC482A243ACB9500DE8A2B /* TMLibrary.framework */; };
		BAEC482C243ACB9500DE8A2B /* TMLibrary.framework in Embed Frameworks */ = {isa = PBXBuildFile; fileRef = BAEC482A243ACB9500DE8A2B /* TMLibrary.framework */; settings = {ATTRIBUTES = (CodeSignOnCopy, RemoveHeadersOnCopy, ); }; };
		BAEC482F243ACBA900DE8A2B /* CWGeneralManager.framework in Frameworks */ = {isa = PBXBuildFile; fileRef = BAEC482E243ACBA800DE8A2B /* CWGeneralManager.framework */; };
		BAEC4830243ACBA900DE8A2B /* CWGeneralManager.framework in Embed Frameworks */ = {isa = PBXBuildFile; fileRef = BAEC482E243ACBA800DE8A2B /* CWGeneralManager.framework */; settings = {ATTRIBUTES = (CodeSignOnCopy, RemoveHeadersOnCopy, ); }; };
		BAEC4832243ACD1900DE8A2B /* libicucore.A.tbd in Frameworks */ = {isa = PBXBuildFile; fileRef = BAEC4831243ACD1900DE8A2B /* libicucore.A.tbd */; };
/* End PBXBuildFile section */

/* Begin PBXCopyFilesBuildPhase section */
		BAEC482D243ACB9500DE8A2B /* Embed Frameworks */ = {
			isa = PBXCopyFilesBuildPhase;
			buildActionMask = 2147483647;
			dstPath = "";
			dstSubfolderSpec = 10;
			files = (
				BAEC482C243ACB9500DE8A2B /* TMLibrary.framework in Embed Frameworks */,
				BAEC4830243ACBA900DE8A2B /* CWGeneralManager.framework in Embed Frameworks */,
			);
			name = "Embed Frameworks";
			runOnlyForDeploymentPostprocessing = 0;
		};
/* End PBXCopyFilesBuildPhase section */

/* Begin PBXFileReference section */
		711BA3441DCB0E5300E931F3 /* TestPlanEditor.app */ = {isa = PBXFileReference; explicitFileType = wrapper.application; includeInIndex = 0; path = TestPlanEditor.app; sourceTree = BUILT_PRODUCTS_DIR; };
		711BA3471DCB0E5300E931F3 /* AppDelegate.h */ = {isa = PBXFileReference; lastKnownFileType = sourcecode.c.h; path = AppDelegate.h; sourceTree = "<group>"; };
		711BA3481DCB0E5300E931F3 /* AppDelegate.m */ = {isa = PBXFileReference; lastKnownFileType = sourcecode.c.objc; path = AppDelegate.m; sourceTree = "<group>"; };
		711BA34B1DCB0E5300E931F3 /* main.m */ = {isa = PBXFileReference; lastKnownFileType = sourcecode.c.objc; path = main.m; sourceTree = "<group>"; };
		711BA3531DCB0E5300E931F3 /* Base */ = {isa = PBXFileReference; lastKnownFileType = file.storyboard; name = Base; path = Base.lproj/Main.storyboard; sourceTree = "<group>"; };
		711BA3551DCB0E5300E931F3 /* Info.plist */ = {isa = PBXFileReference; lastKnownFileType = text.plist.xml; path = Info.plist; sourceTree = "<group>"; };
		711BA35B1DCB0EFE00E931F3 /* SplitViewController.h */ = {isa = PBXFileReference; fileEncoding = 4; lastKnownFileType = sourcecode.c.h; path = SplitViewController.h; sourceTree = "<group>"; };
		711BA35C1DCB0EFE00E931F3 /* SplitViewController.m */ = {isa = PBXFileReference; fileEncoding = 4; lastKnownFileType = sourcecode.c.objc; path = SplitViewController.m; sourceTree = "<group>"; };
		711BA35E1DCB270200E931F3 /* WindowController.h */ = {isa = PBXFileReference; fileEncoding = 4; lastKnownFileType = sourcecode.c.h; path = WindowController.h; sourceTree = "<group>"; };
		711BA35F1DCB270200E931F3 /* WindowController.m */ = {isa = PBXFileReference; fileEncoding = 4; lastKnownFileType = sourcecode.c.objc; path = WindowController.m; sourceTree = "<group>"; };
		71B0A0A71DCB27A3004165A8 /* splitOpen@2x.png */ = {isa = PBXFileReference; lastKnownFileType = image.png; path = "splitOpen@2x.png"; sourceTree = "<group>"; };
		71B0A0A81DCB27A3004165A8 /* splitOpen.png */ = {isa = PBXFileReference; lastKnownFileType = image.png; path = splitOpen.png; sourceTree = "<group>"; };
		BA0ED74B23F41308008D566F /* copy.jpg */ = {isa = PBXFileReference; lastKnownFileType = image.jpeg; path = copy.jpg; sourceTree = "<group>"; };
		BA0ED74D23F41313008D566F /* paste.jpg */ = {isa = PBXFileReference; lastKnownFileType = image.jpeg; path = paste.jpg; sourceTree = "<group>"; };
		BA0ED7712408ADF4008D566F /* CommandHandler.mm */ = {isa = PBXFileReference; fileEncoding = 4; lastKnownFileType = sourcecode.cpp.objcpp; path = CommandHandler.mm; sourceTree = "<group>"; };
		BA0ED7722408ADF4008D566F /* DebugLog.h */ = {isa = PBXFileReference; fileEncoding = 4; lastKnownFileType = sourcecode.c.h; path = DebugLog.h; sourceTree = "<group>"; };
		BA0ED7732408ADF4008D566F /* DebugLog.mm */ = {isa = PBXFileReference; fileEncoding = 4; lastKnownFileType = sourcecode.cpp.objcpp; path = DebugLog.mm; sourceTree = "<group>"; };
		BA0ED7742408ADF4008D566F /* StimCmdList_V2.plist */ = {isa = PBXFileReference; fileEncoding = 4; lastKnownFileType = text.plist.xml; path = StimCmdList_V2.plist; sourceTree = "<group>"; };
		BA0ED7752408ADF4008D566F /* CommandHandler.h */ = {isa = PBXFileReference; fileEncoding = 4; lastKnownFileType = sourcecode.c.h; path = CommandHandler.h; sourceTree = "<group>"; };
		BA0ED7762408ADF4008D566F /* ExtensionConst.mm */ = {isa = PBXFileReference; fileEncoding = 4; lastKnownFileType = sourcecode.cpp.objcpp; path = ExtensionConst.mm; sourceTree = "<group>"; };
		BA0ED7772408ADF4008D566F /* ExtensionConst.h */ = {isa = PBXFileReference; fileEncoding = 4; lastKnownFileType = sourcecode.c.h; path = ExtensionConst.h; sourceTree = "<group>"; };
		BA0ED77E2408ADF4008D566F /* ELoadViewController.xib */ = {isa = PBXFileReference; fileEncoding = 4; lastKnownFileType = file.xib; path = ELoadViewController.xib; sourceTree = "<group>"; };
		BA0ED77F2408ADF4008D566F /* ELoadViewController.h */ = {isa = PBXFileReference; fileEncoding = 4; lastKnownFileType = sourcecode.c.h; path = ELoadViewController.h; sourceTree = "<group>"; };
		BA0ED7802408ADF4008D566F /* ELoadViewController.mm */ = {isa = PBXFileReference; fileEncoding = 4; lastKnownFileType = sourcecode.cpp.objcpp; path = ELoadViewController.mm; sourceTree = "<group>"; };
		BA0ED7822408ADF4008D566F /* ButtonPressViewController.mm */ = {isa = PBXFileReference; fileEncoding = 4; lastKnownFileType = sourcecode.cpp.objcpp; path = ButtonPressViewController.mm; sourceTree = "<group>"; };
		BA0ED7832408ADF4008D566F /* ButtonPressViewController.xib */ = {isa = PBXFileReference; fileEncoding = 4; lastKnownFileType = file.xib; path = ButtonPressViewController.xib; sourceTree = "<group>"; };
		BA0ED7842408ADF4008D566F /* ButtonPressViewController.h */ = {isa = PBXFileReference; fileEncoding = 4; lastKnownFileType = sourcecode.c.h; path = ButtonPressViewController.h; sourceTree = "<group>"; };
		BA0ED7862408ADF4008D566F /* ORION.jpg */ = {isa = PBXFileReference; lastKnownFileType = image.jpeg; path = ORION.jpg; sourceTree = "<group>"; };
		BA0ED7872408ADF4008D566F /* E_Load.jpg */ = {isa = PBXFileReference; lastKnownFileType = image.jpeg; path = E_Load.jpg; sourceTree = "<group>"; };
		BA0ED7882408ADF4008D566F /* switch2_on.jpg */ = {isa = PBXFileReference; lastKnownFileType = image.jpeg; path = switch2_on.jpg; sourceTree = "<group>"; };
		BA0ED7892408ADF4008D566F /* NTC.jpg */ = {isa = PBXFileReference; lastKnownFileType = image.jpeg; path = NTC.jpg; sourceTree = "<group>"; };
		BA0ED78A2408ADF4008D566F /* RIGEL.jpg */ = {isa = PBXFileReference; lastKnownFileType = image.jpeg; path = RIGEL.jpg; sourceTree = "<group>"; };
		BA0ED78B2408ADF4008D566F /* switch1_off.jpg */ = {isa = PBXFileReference; lastKnownFileType = image.jpeg; path = switch1_off.jpg; sourceTree = "<group>"; };
		BA0ED78C2408ADF4008D566F /* POWER.jpg */ = {isa = PBXFileReference; lastKnownFileType = image.jpeg; path = POWER.jpg; sourceTree = "<group>"; };
		BA0ED78D2408ADF4008D566F /* ResAudio.jpg */ = {isa = PBXFileReference; lastKnownFileType = image.jpeg; path = ResAudio.jpg; sourceTree = "<group>"; };
		BA0ED78E2408ADF4008D566F /* switch2_off.jpg */ = {isa = PBXFileReference; lastKnownFileType = image.jpeg; path = switch2_off.jpg; sourceTree = "<group>"; };
		BA0ED78F2408ADF4008D566F /* switch1_on.jpg */ = {isa = PBXFileReference; lastKnownFileType = image.jpeg; path = switch1_on.jpg; sourceTree = "<group>"; };
		BA0ED7902408ADF4008D566F /* DISCHARGE.jpg */ = {isa = PBXFileReference; lastKnownFileType = image.jpeg; path = DISCHARGE.jpg; sourceTree = "<group>"; };
		BA0ED7912408ADF4008D566F /* DMIC.jpg */ = {isa = PBXFileReference; lastKnownFileType = image.jpeg; path = DMIC.jpg; sourceTree = "<group>"; };
		BA0ED7922408ADF4008D566F /* BUTTON_PRESS.jpg */ = {isa = PBXFileReference; lastKnownFileType = image.jpeg; path = BUTTON_PRESS.jpg; sourceTree = "<group>"; };
		BA0ED7942408ADF4008D566F /* ORIONViewController.h */ = {isa = PBXFileReference; fileEncoding = 4; lastKnownFileType = sourcecode.c.h; path = ORIONViewController.h; sourceTree = "<group>"; };
		BA0ED7952408ADF4008D566F /* ORIONViewController.mm */ = {isa = PBXFileReference; fileEncoding = 4; lastKnownFileType = sourcecode.cpp.objcpp; path = ORIONViewController.mm; sourceTree = "<group>"; };
		BA0ED7962408ADF4008D566F /* ORIONViewController.xib */ = {isa = PBXFileReference; fileEncoding = 4; lastKnownFileType = file.xib; path = ORIONViewController.xib; sourceTree = "<group>"; };
		BA0ED7982408ADF4008D566F /* DMICViewController.mm */ = {isa = PBXFileReference; fileEncoding = 4; lastKnownFileType = sourcecode.cpp.objcpp; path = DMICViewController.mm; sourceTree = "<group>"; };
		BA0ED7992408ADF4008D566F /* DMICViewController.h */ = {isa = PBXFileReference; fileEncoding = 4; lastKnownFileType = sourcecode.c.h; path = DMICViewController.h; sourceTree = "<group>"; };
		BA0ED79A2408ADF4008D566F /* DMICViewController.xib */ = {isa = PBXFileReference; fileEncoding = 4; lastKnownFileType = file.xib; path = DMICViewController.xib; sourceTree = "<group>"; };
		BA0ED79C2408ADF4008D566F /* ResAudioViewController.mm */ = {isa = PBXFileReference; fileEncoding = 4; lastKnownFileType = sourcecode.cpp.objcpp; path = ResAudioViewController.mm; sourceTree = "<group>"; };
		BA0ED79D2408ADF4008D566F /* ResAudioViewController.xib */ = {isa = PBXFileReference; fileEncoding = 4; lastKnownFileType = file.xib; path = ResAudioViewController.xib; sourceTree = "<group>"; };
		BA0ED79E2408ADF4008D566F /* ResAudioViewController.h */ = {isa = PBXFileReference; fileEncoding = 4; lastKnownFileType = sourcecode.c.h; path = ResAudioViewController.h; sourceTree = "<group>"; };
		BA0ED7A02408ADF4008D566F /* NTCViewController.h */ = {isa = PBXFileReference; fileEncoding = 4; lastKnownFileType = sourcecode.c.h; path = NTCViewController.h; sourceTree = "<group>"; };
		BA0ED7A12408ADF4008D566F /* NTCViewController.mm */ = {isa = PBXFileReference; fileEncoding = 4; lastKnownFileType = sourcecode.cpp.objcpp; path = NTCViewController.mm; sourceTree = "<group>"; };
		BA0ED7A22408ADF4008D566F /* NTCViewController.xib */ = {isa = PBXFileReference; fileEncoding = 4; lastKnownFileType = file.xib; path = NTCViewController.xib; sourceTree = "<group>"; };
		BA0ED7A42408ADF4008D566F /* DischargeViewController.h */ = {isa = PBXFileReference; fileEncoding = 4; lastKnownFileType = sourcecode.c.h; path = DischargeViewController.h; sourceTree = "<group>"; };
		BA0ED7A52408ADF4008D566F /* DischargeViewController.xib */ = {isa = PBXFileReference; fileEncoding = 4; lastKnownFileType = file.xib; path = DischargeViewController.xib; sourceTree = "<group>"; };
		BA0ED7A62408ADF4008D566F /* DischargeViewController.mm */ = {isa = PBXFileReference; fileEncoding = 4; lastKnownFileType = sourcecode.cpp.objcpp; path = DischargeViewController.mm; sourceTree = "<group>"; };
		BA0ED7A82408ADF4008D566F /* RigelViewController.xib */ = {isa = PBXFileReference; fileEncoding = 4; lastKnownFileType = file.xib; path = RigelViewController.xib; sourceTree = "<group>"; };
		BA0ED7A92408ADF4008D566F /* RigelViewController.mm */ = {isa = PBXFileReference; fileEncoding = 4; lastKnownFileType = sourcecode.cpp.objcpp; path = RigelViewController.mm; sourceTree = "<group>"; };
		BA0ED7AA2408ADF4008D566F /* RigelViewController.h */ = {isa = PBXFileReference; fileEncoding = 4; lastKnownFileType = sourcecode.c.h; path = RigelViewController.h; sourceTree = "<group>"; };
		BA0ED7AC2408ADF4008D566F /* STIMBaseViewController.mm */ = {isa = PBXFileReference; fileEncoding = 4; lastKnownFileType = sourcecode.cpp.objcpp; path = STIMBaseViewController.mm; sourceTree = "<group>"; };
		BA0ED7AD2408ADF4008D566F /* STIMBaseViewController.h */ = {isa = PBXFileReference; fileEncoding = 4; lastKnownFileType = sourcecode.c.h; path = STIMBaseViewController.h; sourceTree = "<group>"; };
		BA0ED7AF2408ADF4008D566F /* StimMainVC.m */ = {isa = PBXFileReference; fileEncoding = 4; lastKnownFileType = sourcecode.c.objc; path = StimMainVC.m; sourceTree = "<group>"; };
		BA0ED7B02408ADF4008D566F /* StimMainVC.xib */ = {isa = PBXFileReference; fileEncoding = 4; lastKnownFileType = file.xib; path = StimMainVC.xib; sourceTree = "<group>"; };
		BA0ED7B12408ADF4008D566F /* StimTabViewController.mm */ = {isa = PBXFileReference; fileEncoding = 4; lastKnownFileType = sourcecode.cpp.objcpp; path = StimTabViewController.mm; sourceTree = "<group>"; };
		BA0ED7B22408ADF4008D566F /* StimMainVC.h */ = {isa = PBXFileReference; fileEncoding = 4; lastKnownFileType = sourcecode.c.h; path = StimMainVC.h; sourceTree = "<group>"; };
		BA0ED7B32408ADF4008D566F /* StimTabViewController.h */ = {isa = PBXFileReference; fileEncoding = 4; lastKnownFileType = sourcecode.c.h; path = StimTabViewController.h; sourceTree = "<group>"; };
		BA229272240DE69D0011D010 /* LeftFileVC.h */ = {isa = PBXFileReference; lastKnownFileType = sourcecode.c.h; path = LeftFileVC.h; sourceTree = "<group>"; };
		BA229273240DE69D0011D010 /* LeftFileVC.m */ = {isa = PBXFileReference; lastKnownFileType = sourcecode.c.objc; path = LeftFileVC.m; sourceTree = "<group>"; };
		BA229274240DE69D0011D010 /* LeftFileVC.xib */ = {isa = PBXFileReference; lastKnownFileType = file.xib; path = LeftFileVC.xib; sourceTree = "<group>"; };
		BA229277240DED500011D010 /* OutlineView.h */ = {isa = PBXFileReference; lastKnownFileType = sourcecode.c.h; path = OutlineView.h; sourceTree = "<group>"; };
		BA229278240DED500011D010 /* OutlineView.m */ = {isa = PBXFileReference; lastKnownFileType = sourcecode.c.objc; path = OutlineView.m; sourceTree = "<group>"; };
		BA229282240E4A0B0011D010 /* Example2_FCT__ACE_FWDL.csv */ = {isa = PBXFileReference; fileEncoding = 4; lastKnownFileType = text; path = Example2_FCT__ACE_FWDL.csv; sourceTree = "<group>"; };
		BA229284240E4A100011D010 /* Example1_PP_FCT__20190909_V1.csv */ = {isa = PBXFileReference; fileEncoding = 4; lastKnownFileType = text; path = Example1_PP_FCT__20190909_V1.csv; sourceTree = "<group>"; };
		BA2292EC240E616F0011D010 /* recycle.jpg */ = {isa = PBXFileReference; lastKnownFileType = image.jpeg; path = recycle.jpg; sourceTree = "<group>"; };
		BA229591241CC0250011D010 /* DutController.mm */ = {isa = PBXFileReference; fileEncoding = 4; lastKnownFileType = sourcecode.cpp.objcpp; path = DutController.mm; sourceTree = "<group>"; };
		BA229592241CC0250011D010 /* DutController.h */ = {isa = PBXFileReference; fileEncoding = 4; lastKnownFileType = sourcecode.c.h; path = DutController.h; sourceTree = "<group>"; };
		BA229594241CC0610011D010 /* RegexKitLite.h */ = {isa = PBXFileReference; fileEncoding = 4; lastKnownFileType = sourcecode.c.h; path = RegexKitLite.h; sourceTree = "<group>"; };
		BA229595241CC0620011D010 /* RegexKitLite.m */ = {isa = PBXFileReference; fileEncoding = 4; lastKnownFileType = sourcecode.c.objc; path = RegexKitLite.m; sourceTree = "<group>"; };
		BA229599241CC1150011D010 /* PowerViewController.h */ = {isa = PBXFileReference; fileEncoding = 4; lastKnownFileType = sourcecode.c.h; path = PowerViewController.h; sourceTree = "<group>"; };
		BA22959A241CC1160011D010 /* PowerViewController.xib */ = {isa = PBXFileReference; fileEncoding = 4; lastKnownFileType = file.xib; path = PowerViewController.xib; sourceTree = "<group>"; };
		BA22959B241CC1160011D010 /* PowerViewController.mm */ = {isa = PBXFileReference; fileEncoding = 4; lastKnownFileType = sourcecode.cpp.objcpp; path = PowerViewController.mm; sourceTree = "<group>"; };
		BA22959F241CC2330011D010 /* Replier.hpp */ = {isa = PBXFileReference; fileEncoding = 4; lastKnownFileType = sourcecode.cpp.h; path = Replier.hpp; sourceTree = "<group>"; };
		BA2295A0241CC2330011D010 /* Publisher.cpp */ = {isa = PBXFileReference; fileEncoding = 4; lastKnownFileType = sourcecode.cpp.cpp; path = Publisher.cpp; sourceTree = "<group>"; };
		BA2295A1241CC2330011D010 /* Requester.hpp */ = {isa = PBXFileReference; fileEncoding = 4; lastKnownFileType = sourcecode.cpp.h; path = Requester.hpp; sourceTree = "<group>"; };
		BA2295A2241CC2330011D010 /* Subscriber.cpp */ = {isa = PBXFileReference; fileEncoding = 4; lastKnownFileType = sourcecode.cpp.cpp; path = Subscriber.cpp; sourceTree = "<group>"; };
		BA2295A3241CC2330011D010 /* Publisher.hpp */ = {isa = PBXFileReference; fileEncoding = 4; lastKnownFileType = sourcecode.cpp.h; path = Publisher.hpp; sourceTree = "<group>"; };
		BA2295A4241CC2330011D010 /* Requester.cpp */ = {isa = PBXFileReference; fileEncoding = 4; lastKnownFileType = sourcecode.cpp.cpp; path = Requester.cpp; sourceTree = "<group>"; };
		BA2295A5241CC2330011D010 /* Subscriber.hpp */ = {isa = PBXFileReference; fileEncoding = 4; lastKnownFileType = sourcecode.cpp.h; path = Subscriber.hpp; sourceTree = "<group>"; };
		BA2295A6241CC2330011D010 /* Replier.cpp */ = {isa = PBXFileReference; fileEncoding = 4; lastKnownFileType = sourcecode.cpp.cpp; path = Replier.cpp; sourceTree = "<group>"; };
		BA2295DD241CCD940011D010 /* libZMQX.a */ = {isa = PBXFileReference; lastKnownFileType = archive.ar; path = libZMQX.a; sourceTree = "<group>"; };
		BA2295ED241F12150011D010 /* CWGeneralManager.framework */ = {isa = PBXFileReference; lastKnownFileType = wrapper.framework; path = CWGeneralManager.framework; sourceTree = "<group>"; };
		BA83277123D19AF40084D385 /* TestPlanVC.h */ = {isa = PBXFileReference; lastKnownFileType = sourcecode.c.h; path = TestPlanVC.h; sourceTree = "<group>"; };
		BA83277223D19AF40084D385 /* TestPlanVC.m */ = {isa = PBXFileReference; lastKnownFileType = sourcecode.c.objc; path = TestPlanVC.m; sourceTree = "<group>"; };
		BA83277323D19AF40084D385 /* TestPlanVC.xib */ = {isa = PBXFileReference; lastKnownFileType = file.xib; path = TestPlanVC.xib; sourceTree = "<group>"; };
		BA83277623D19B4B0084D385 /* ShowingLogVC.h */ = {isa = PBXFileReference; lastKnownFileType = sourcecode.c.h; path = ShowingLogVC.h; sourceTree = "<group>"; };
		BA83277723D19B4B0084D385 /* ShowingLogVC.m */ = {isa = PBXFileReference; lastKnownFileType = sourcecode.c.objc; path = ShowingLogVC.m; sourceTree = "<group>"; };
		BA83277823D19B4B0084D385 /* ShowingLogVC.xib */ = {isa = PBXFileReference; lastKnownFileType = file.xib; path = ShowingLogVC.xib; sourceTree = "<group>"; };
		BA83277B23D19BBE0084D385 /* DebugVC.h */ = {isa = PBXFileReference; lastKnownFileType = sourcecode.c.h; path = DebugVC.h; sourceTree = "<group>"; };
		BA83277C23D19BBE0084D385 /* DebugVC.m */ = {isa = PBXFileReference; lastKnownFileType = sourcecode.c.objc; path = DebugVC.m; sourceTree = "<group>"; };
		BA83277D23D19BBE0084D385 /* DebugVC.xib */ = {isa = PBXFileReference; lastKnownFileType = file.xib; path = DebugVC.xib; sourceTree = "<group>"; };
		BA83278E23E28EF20084D385 /* openDB@2x.png */ = {isa = PBXFileReference; lastKnownFileType = image.png; path = "openDB@2x.png"; sourceTree = "<group>"; };
		BA83279423E46FAC0084D385 /* open.jpg */ = {isa = PBXFileReference; lastKnownFileType = image.jpeg; path = open.jpg; sourceTree = "<group>"; };
		BA83279723E46FAC0084D385 /* Debug.jpg */ = {isa = PBXFileReference; lastKnownFileType = image.jpeg; path = Debug.jpg; sourceTree = "<group>"; };
		BA83279A23E46FAC0084D385 /* Column.jpg */ = {isa = PBXFileReference; lastKnownFileType = image.jpeg; path = Column.jpg; sourceTree = "<group>"; };
		BA83279B23E46FAC0084D385 /* Enable.jpg */ = {isa = PBXFileReference; lastKnownFileType = image.jpeg; path = Enable.jpg; sourceTree = "<group>"; };
		BA83279C23E46FAC0084D385 /* Resize.jpg */ = {isa = PBXFileReference; lastKnownFileType = image.jpeg; path = Resize.jpg; sourceTree = "<group>"; };
		BA8327A623E470B10084D385 /* Disable.jpg */ = {isa = PBXFileReference; lastKnownFileType = image.jpeg; path = Disable.jpg; sourceTree = "<group>"; };
		BA8327A823E470E60084D385 /* Validate.jpg */ = {isa = PBXFileReference; lastKnownFileType = image.jpeg; path = Validate.jpg; sourceTree = "<group>"; };
		BA8327AA23E4713B0084D385 /* Save.jpg */ = {isa = PBXFileReference; lastKnownFileType = image.jpeg; path = Save.jpg; sourceTree = "<group>"; };
		BA8327AC23E4732A0084D385 /* Stop.jpg */ = {isa = PBXFileReference; lastKnownFileType = image.jpeg; path = Stop.jpg; sourceTree = "<group>"; };
		BA8327AD23E4732A0084D385 /* Start.jpg */ = {isa = PBXFileReference; lastKnownFileType = image.jpeg; path = Start.jpg; sourceTree = "<group>"; };
		BA8327AE23E4732B0084D385 /* Step.jpg */ = {isa = PBXFileReference; lastKnownFileType = image.jpeg; path = Step.jpg; sourceTree = "<group>"; };
		BA8327B223E473300084D385 /* Log.jpg */ = {isa = PBXFileReference; lastKnownFileType = image.jpeg; path = Log.jpg; sourceTree = "<group>"; };
		BA8327B423E473380084D385 /* Reset.jpg */ = {isa = PBXFileReference; lastKnownFileType = image.jpeg; path = Reset.jpg; sourceTree = "<group>"; };
		BA8327B823E733360084D385 /* Show.jpg */ = {isa = PBXFileReference; lastKnownFileType = image.jpeg; path = Show.jpg; sourceTree = "<group>"; };
		BA8327B923E733360084D385 /* Show_No.jpg */ = {isa = PBXFileReference; lastKnownFileType = image.jpeg; path = Show_No.jpg; sourceTree = "<group>"; };
		BA8327BC23E7E9A80084D385 /* Debug_Green.jpg */ = {isa = PBXFileReference; lastKnownFileType = image.jpeg; path = Debug_Green.jpg; sourceTree = "<group>"; };
		BA8327C323E7F3D50084D385 /* DebugSettingVC.h */ = {isa = PBXFileReference; lastKnownFileType = sourcecode.c.h; path = DebugSettingVC.h; sourceTree = "<group>"; };
		BA8327C423E7F3D60084D385 /* DebugSettingVC.m */ = {isa = PBXFileReference; lastKnownFileType = sourcecode.c.objc; path = DebugSettingVC.m; sourceTree = "<group>"; };
		BA8327C523E7F3D60084D385 /* DebugSettingVC.xib */ = {isa = PBXFileReference; lastKnownFileType = file.xib; path = DebugSettingVC.xib; sourceTree = "<group>"; };
		BA8327CD23E91B990084D385 /* ColumnVC.h */ = {isa = PBXFileReference; lastKnownFileType = sourcecode.c.h; path = ColumnVC.h; sourceTree = "<group>"; };
		BA8327CE23E91B990084D385 /* ColumnVC.m */ = {isa = PBXFileReference; lastKnownFileType = sourcecode.c.objc; path = ColumnVC.m; sourceTree = "<group>"; };
		BA8327CF23E91B990084D385 /* ColumnVC.xib */ = {isa = PBXFileReference; lastKnownFileType = file.xib; path = ColumnVC.xib; sourceTree = "<group>"; };
		BAEC4826243ACAD300DE8A2B /* libicucore.A.tbd */ = {isa = PBXFileReference; lastKnownFileType = "sourcecode.text-based-dylib-definition"; name = libicucore.A.tbd; path = Platforms/MacOSX.platform/Developer/SDKs/MacOSX.sdk/usr/lib/libicucore.A.tbd; sourceTree = DEVELOPER_DIR; };
		BAEC482A243ACB9500DE8A2B /* TMLibrary.framework */ = {isa = PBXFileReference; lastKnownFileType = wrapper.framework; path = TMLibrary.framework; sourceTree = "<group>"; };
		BAEC482E243ACBA800DE8A2B /* CWGeneralManager.framework */ = {isa = PBXFileReference; lastKnownFileType = wrapper.framework; path = CWGeneralManager.framework; sourceTree = "<group>"; };
		BAEC4831243ACD1900DE8A2B /* libicucore.A.tbd */ = {isa = PBXFileReference; lastKnownFileType = "sourcecode.text-based-dylib-definition"; name = libicucore.A.tbd; path = Platforms/MacOSX.platform/Developer/SDKs/MacOSX.sdk/usr/lib/libicucore.A.tbd; sourceTree = DEVELOPER_DIR; };
/* End PBXFileReference section */

/* Begin PBXFrameworksBuildPhase section */
		711BA3411DCB0E5300E931F3 /* Frameworks */ = {
			isa = PBXFrameworksBuildPhase;
			buildActionMask = 2147483647;
			files = (
				BA2295DF241CCDC20011D010 /* libZMQX.a in Frameworks */,
				BAEC482F243ACBA900DE8A2B /* CWGeneralManager.framework in Frameworks */,
				BAEC482B243ACB9500DE8A2B /* TMLibrary.framework in Frameworks */,
				BAEC4827243ACAD300DE8A2B /* libicucore.A.tbd in Frameworks */,
				BAEC4832243ACD1900DE8A2B /* libicucore.A.tbd in Frameworks */,
			);
			runOnlyForDeploymentPostprocessing = 0;
		};
/* End PBXFrameworksBuildPhase section */

/* Begin PBXGroup section */
		711BA33B1DCB0E5300E931F3 = {
			isa = PBXGroup;
			children = (
				BAEC4831243ACD1900DE8A2B /* libicucore.A.tbd */,
				BAEC482E243ACBA800DE8A2B /* CWGeneralManager.framework */,
				BAEC482A243ACB9500DE8A2B /* TMLibrary.framework */,
				BA2295ED241F12150011D010 /* CWGeneralManager.framework */,
				BA2295DD241CCD940011D010 /* libZMQX.a */,
				711BA3461DCB0E5300E931F3 /* TestPlanEditor */,
				711BA3451DCB0E5300E931F3 /* Products */,
				BA2295DE241CCDC20011D010 /* Frameworks */,
			);
			sourceTree = "<group>";
		};
		711BA3451DCB0E5300E931F3 /* Products */ = {
			isa = PBXGroup;
			children = (
				711BA3441DCB0E5300E931F3 /* TestPlanEditor.app */,
			);
			name = Products;
			sourceTree = "<group>";
		};
		711BA3461DCB0E5300E931F3 /* TestPlanEditor */ = {
			isa = PBXGroup;
			children = (
				BA0ED76F2408ADF4008D566F /* STIM_V2 */,
				711BA3471DCB0E5300E931F3 /* AppDelegate.h */,
				711BA3481DCB0E5300E931F3 /* AppDelegate.m */,
				711BA35E1DCB270200E931F3 /* WindowController.h */,
				711BA35F1DCB270200E931F3 /* WindowController.m */,
				711BA35B1DCB0EFE00E931F3 /* SplitViewController.h */,
				711BA35C1DCB0EFE00E931F3 /* SplitViewController.m */,
				BA229277240DED500011D010 /* OutlineView.h */,
				BA229278240DED500011D010 /* OutlineView.m */,
				BA229272240DE69D0011D010 /* LeftFileVC.h */,
				BA229273240DE69D0011D010 /* LeftFileVC.m */,
				BA229274240DE69D0011D010 /* LeftFileVC.xib */,
				BA83277B23D19BBE0084D385 /* DebugVC.h */,
				BA83277C23D19BBE0084D385 /* DebugVC.m */,
				BA83277D23D19BBE0084D385 /* DebugVC.xib */,
				BA83277623D19B4B0084D385 /* ShowingLogVC.h */,
				BA83277723D19B4B0084D385 /* ShowingLogVC.m */,
				BA83277823D19B4B0084D385 /* ShowingLogVC.xib */,
				BA83277123D19AF40084D385 /* TestPlanVC.h */,
				BA83277223D19AF40084D385 /* TestPlanVC.m */,
				BA83277323D19AF40084D385 /* TestPlanVC.xib */,
				BA8327C323E7F3D50084D385 /* DebugSettingVC.h */,
				BA8327C423E7F3D60084D385 /* DebugSettingVC.m */,
				BA8327C523E7F3D60084D385 /* DebugSettingVC.xib */,
				BA8327CD23E91B990084D385 /* ColumnVC.h */,
				BA8327CE23E91B990084D385 /* ColumnVC.m */,
				BA8327CF23E91B990084D385 /* ColumnVC.xib */,
				711BA3521DCB0E5300E931F3 /* Main.storyboard */,
				711BA3551DCB0E5300E931F3 /* Info.plist */,
				711BA34A1DCB0E5300E931F3 /* Supporting Files */,
			);
			path = TestPlanEditor;
			sourceTree = "<group>";
		};
		711BA34A1DCB0E5300E931F3 /* Supporting Files */ = {
			isa = PBXGroup;
			children = (
				BA229284240E4A100011D010 /* Example1_PP_FCT__20190909_V1.csv */,
				BA229282240E4A0B0011D010 /* Example2_FCT__ACE_FWDL.csv */,
				BA83276823D180930084D385 /* Icons */,
				711BA34B1DCB0E5300E931F3 /* main.m */,
			);
			name = "Supporting Files";
			sourceTree = "<group>";
		};
		BA0ED76F2408ADF4008D566F /* STIM_V2 */ = {
			isa = PBXGroup;
			children = (
				BA0ED7702408ADF4008D566F /* DataHandler */,
				BA0ED7782408ADF4008D566F /* STIMController */,
				BA0ED7AE2408ADF4008D566F /* Main */,
			);
			path = STIM_V2;
			sourceTree = "<group>";
		};
		BA0ED7702408ADF4008D566F /* DataHandler */ = {
			isa = PBXGroup;
			children = (
				BA0ED7752408ADF4008D566F /* CommandHandler.h */,
				BA0ED7712408ADF4008D566F /* CommandHandler.mm */,
				BA0ED7722408ADF4008D566F /* DebugLog.h */,
				BA0ED7732408ADF4008D566F /* DebugLog.mm */,
				BA0ED7742408ADF4008D566F /* StimCmdList_V2.plist */,
				BA0ED7762408ADF4008D566F /* ExtensionConst.mm */,
				BA0ED7772408ADF4008D566F /* ExtensionConst.h */,
			);
			path = DataHandler;
			sourceTree = "<group>";
		};
		BA0ED7782408ADF4008D566F /* STIMController */ = {
			isa = PBXGroup;
			children = (
				BA0ED7792408ADF4008D566F /* Power */,
				BA0ED77D2408ADF4008D566F /* ELoad */,
				BA0ED7812408ADF4008D566F /* ButtonPress */,
				BA0ED7852408ADF4008D566F /* Images */,
				BA0ED7932408ADF4008D566F /* ORION */,
				BA0ED7972408ADF4008D566F /* DMIC */,
				BA0ED79B2408ADF4008D566F /* ResAudio */,
				BA0ED79F2408ADF4008D566F /* NTC */,
				BA0ED7A32408ADF4008D566F /* Discharge */,
				BA0ED7A72408ADF4008D566F /* Rigel */,
				BA0ED7AB2408ADF4008D566F /* Base */,
			);
			path = STIMController;
			sourceTree = "<group>";
		};
		BA0ED7792408ADF4008D566F /* Power */ = {
			isa = PBXGroup;
			children = (
				BA22959E241CC2330011D010 /* zmq */,
				BA229594241CC0610011D010 /* RegexKitLite.h */,
				BA229595241CC0620011D010 /* RegexKitLite.m */,
				BA229592241CC0250011D010 /* DutController.h */,
				BA229591241CC0250011D010 /* DutController.mm */,
				BA229599241CC1150011D010 /* PowerViewController.h */,
				BA22959B241CC1160011D010 /* PowerViewController.mm */,
				BA22959A241CC1160011D010 /* PowerViewController.xib */,
			);
			path = Power;
			sourceTree = "<group>";
		};
		BA0ED77D2408ADF4008D566F /* ELoad */ = {
			isa = PBXGroup;
			children = (
				BA0ED77E2408ADF4008D566F /* ELoadViewController.xib */,
				BA0ED77F2408ADF4008D566F /* ELoadViewController.h */,
				BA0ED7802408ADF4008D566F /* ELoadViewController.mm */,
			);
			path = ELoad;
			sourceTree = "<group>";
		};
		BA0ED7812408ADF4008D566F /* ButtonPress */ = {
			isa = PBXGroup;
			children = (
				BA0ED7822408ADF4008D566F /* ButtonPressViewController.mm */,
				BA0ED7832408ADF4008D566F /* ButtonPressViewController.xib */,
				BA0ED7842408ADF4008D566F /* ButtonPressViewController.h */,
			);
			path = ButtonPress;
			sourceTree = "<group>";
		};
		BA0ED7852408ADF4008D566F /* Images */ = {
			isa = PBXGroup;
			children = (
				BA0ED7862408ADF4008D566F /* ORION.jpg */,
				BA0ED7872408ADF4008D566F /* E_Load.jpg */,
				BA0ED7882408ADF4008D566F /* switch2_on.jpg */,
				BA0ED7892408ADF4008D566F /* NTC.jpg */,
				BA0ED78A2408ADF4008D566F /* RIGEL.jpg */,
				BA0ED78B2408ADF4008D566F /* switch1_off.jpg */,
				BA0ED78C2408ADF4008D566F /* POWER.jpg */,
				BA0ED78D2408ADF4008D566F /* ResAudio.jpg */,
				BA0ED78E2408ADF4008D566F /* switch2_off.jpg */,
				BA0ED78F2408ADF4008D566F /* switch1_on.jpg */,
				BA0ED7902408ADF4008D566F /* DISCHARGE.jpg */,
				BA0ED7912408ADF4008D566F /* DMIC.jpg */,
				BA0ED7922408ADF4008D566F /* BUTTON_PRESS.jpg */,
			);
			path = Images;
			sourceTree = "<group>";
		};
		BA0ED7932408ADF4008D566F /* ORION */ = {
			isa = PBXGroup;
			children = (
				BA0ED7942408ADF4008D566F /* ORIONViewController.h */,
				BA0ED7952408ADF4008D566F /* ORIONViewController.mm */,
				BA0ED7962408ADF4008D566F /* ORIONViewController.xib */,
			);
			path = ORION;
			sourceTree = "<group>";
		};
		BA0ED7972408ADF4008D566F /* DMIC */ = {
			isa = PBXGroup;
			children = (
				BA0ED7982408ADF4008D566F /* DMICViewController.mm */,
				BA0ED7992408ADF4008D566F /* DMICViewController.h */,
				BA0ED79A2408ADF4008D566F /* DMICViewController.xib */,
			);
			path = DMIC;
			sourceTree = "<group>";
		};
		BA0ED79B2408ADF4008D566F /* ResAudio */ = {
			isa = PBXGroup;
			children = (
				BA0ED79C2408ADF4008D566F /* ResAudioViewController.mm */,
				BA0ED79D2408ADF4008D566F /* ResAudioViewController.xib */,
				BA0ED79E2408ADF4008D566F /* ResAudioViewController.h */,
			);
			path = ResAudio;
			sourceTree = "<group>";
		};
		BA0ED79F2408ADF4008D566F /* NTC */ = {
			isa = PBXGroup;
			children = (
				BA0ED7A02408ADF4008D566F /* NTCViewController.h */,
				BA0ED7A12408ADF4008D566F /* NTCViewController.mm */,
				BA0ED7A22408ADF4008D566F /* NTCViewController.xib */,
			);
			path = NTC;
			sourceTree = "<group>";
		};
		BA0ED7A32408ADF4008D566F /* Discharge */ = {
			isa = PBXGroup;
			children = (
				BA0ED7A42408ADF4008D566F /* DischargeViewController.h */,
				BA0ED7A52408ADF4008D566F /* DischargeViewController.xib */,
				BA0ED7A62408ADF4008D566F /* DischargeViewController.mm */,
			);
			path = Discharge;
			sourceTree = "<group>";
		};
		BA0ED7A72408ADF4008D566F /* Rigel */ = {
			isa = PBXGroup;
			children = (
				BA0ED7A82408ADF4008D566F /* RigelViewController.xib */,
				BA0ED7A92408ADF4008D566F /* RigelViewController.mm */,
				BA0ED7AA2408ADF4008D566F /* RigelViewController.h */,
			);
			path = Rigel;
			sourceTree = "<group>";
		};
		BA0ED7AB2408ADF4008D566F /* Base */ = {
			isa = PBXGroup;
			children = (
				BA0ED7AD2408ADF4008D566F /* STIMBaseViewController.h */,
				BA0ED7AC2408ADF4008D566F /* STIMBaseViewController.mm */,
			);
			path = Base;
			sourceTree = "<group>";
		};
		BA0ED7AE2408ADF4008D566F /* Main */ = {
			isa = PBXGroup;
			children = (
				BA0ED7B02408ADF4008D566F /* StimMainVC.xib */,
				BA0ED7B22408ADF4008D566F /* StimMainVC.h */,
				BA0ED7AF2408ADF4008D566F /* StimMainVC.m */,
				BA0ED7B32408ADF4008D566F /* StimTabViewController.h */,
				BA0ED7B12408ADF4008D566F /* StimTabViewController.mm */,
			);
			path = Main;
			sourceTree = "<group>";
		};
		BA22959E241CC2330011D010 /* zmq */ = {
			isa = PBXGroup;
			children = (
				BA22959F241CC2330011D010 /* Replier.hpp */,
				BA2295A0241CC2330011D010 /* Publisher.cpp */,
				BA2295A1241CC2330011D010 /* Requester.hpp */,
				BA2295A2241CC2330011D010 /* Subscriber.cpp */,
				BA2295A3241CC2330011D010 /* Publisher.hpp */,
				BA2295A4241CC2330011D010 /* Requester.cpp */,
				BA2295A5241CC2330011D010 /* Subscriber.hpp */,
				BA2295A6241CC2330011D010 /* Replier.cpp */,
			);
			path = zmq;
			sourceTree = "<group>";
		};
		BA2295DE241CCDC20011D010 /* Frameworks */ = {
			isa = PBXGroup;
			children = (
				BAEC4826243ACAD300DE8A2B /* libicucore.A.tbd */,
			);
			name = Frameworks;
			sourceTree = "<group>";
		};
		BA83276823D180930084D385 /* Icons */ = {
			isa = PBXGroup;
			children = (
				BA0ED74B23F41308008D566F /* copy.jpg */,
				BA2292EC240E616F0011D010 /* recycle.jpg */,
				BA8327BC23E7E9A80084D385 /* Debug_Green.jpg */,
				BA0ED74D23F41313008D566F /* paste.jpg */,
				BA8327B923E733360084D385 /* Show_No.jpg */,
				BA8327B823E733360084D385 /* Show.jpg */,
				BA8327B423E473380084D385 /* Reset.jpg */,
				BA8327B223E473300084D385 /* Log.jpg */,
				BA8327AD23E4732A0084D385 /* Start.jpg */,
				BA8327AE23E4732B0084D385 /* Step.jpg */,
				BA8327AC23E4732A0084D385 /* Stop.jpg */,
				BA8327A623E470B10084D385 /* Disable.jpg */,
				BA8327AA23E4713B0084D385 /* Save.jpg */,
				BA83279A23E46FAC0084D385 /* Column.jpg */,
				BA83279723E46FAC0084D385 /* Debug.jpg */,
				BA83279B23E46FAC0084D385 /* Enable.jpg */,
				BA8327A823E470E60084D385 /* Validate.jpg */,
				BA83279423E46FAC0084D385 /* open.jpg */,
				BA83279C23E46FAC0084D385 /* Resize.jpg */,
				BA83278E23E28EF20084D385 /* openDB@2x.png */,
				71B0A0A71DCB27A3004165A8 /* splitOpen@2x.png */,
				71B0A0A81DCB27A3004165A8 /* splitOpen.png */,
			);
			name = Icons;
			sourceTree = "<group>";
		};
/* End PBXGroup section */

/* Begin PBXNativeTarget section */
		711BA3431DCB0E5300E931F3 /* TestPlanEditor */ = {
			isa = PBXNativeTarget;
			buildConfigurationList = 711BA3581DCB0E5300E931F3 /* Build configuration list for PBXNativeTarget "TestPlanEditor" */;
			buildPhases = (
				711BA3401DCB0E5300E931F3 /* Sources */,
				711BA3411DCB0E5300E931F3 /* Frameworks */,
				711BA3421DCB0E5300E931F3 /* Resources */,
				BAEC482D243ACB9500DE8A2B /* Embed Frameworks */,
			);
			buildRules = (
			);
			dependencies = (
			);
			name = TestPlanEditor;
			productName = TestPlanEditor;
			productReference = 711BA3441DCB0E5300E931F3 /* TestPlanEditor.app */;
			productType = "com.apple.product-type.application";
		};
/* End PBXNativeTarget section */

/* Begin PBXProject section */
		711BA33C1DCB0E5300E931F3 /* Project object */ = {
			isa = PBXProject;
			attributes = {
				LastUpgradeCheck = 0810;
				ORGANIZATIONNAME = macdev;
				TargetAttributes = {
					711BA3431DCB0E5300E931F3 = {
						CreatedOnToolsVersion = 8.1;
						ProvisioningStyle = Automatic;
					};
				};
			};
			buildConfigurationList = 711BA33F1DCB0E5300E931F3 /* Build configuration list for PBXProject "TestPlanEditor" */;
			compatibilityVersion = "Xcode 3.2";
			developmentRegion = English;
			hasScannedForEncodings = 0;
			knownRegions = (
				en,
				Base,
			);
			mainGroup = 711BA33B1DCB0E5300E931F3;
			productRefGroup = 711BA3451DCB0E5300E931F3 /* Products */;
			projectDirPath = "";
			projectRoot = "";
			targets = (
				711BA3431DCB0E5300E931F3 /* TestPlanEditor */,
			);
		};
/* End PBXProject section */

/* Begin PBXResourcesBuildPhase section */
		711BA3421DCB0E5300E931F3 /* Resources */ = {
			isa = PBXResourcesBuildPhase;
			buildActionMask = 2147483647;
			files = (
				BA0ED7D52408ADF4008D566F /* RigelViewController.xib in Resources */,
				BA0ED7BA2408ADF4008D566F /* ELoadViewController.xib in Resources */,
				BA8327BD23E7E9A80084D385 /* Debug_Green.jpg in Resources */,
				BA0ED7C92408ADF4008D566F /* DMIC.jpg in Resources */,
				BA0ED7CE2408ADF4008D566F /* DMICViewController.xib in Resources */,
				BA229283240E4A0B0011D010 /* Example2_FCT__ACE_FWDL.csv in Resources */,
				BA8327C723E7F3D60084D385 /* DebugSettingVC.xib in Resources */,
				BA83277A23D19B4B0084D385 /* ShowingLogVC.xib in Resources */,
				BA83279D23E46FAC0084D385 /* open.jpg in Resources */,
				BA0ED7BD2408ADF4008D566F /* ButtonPressViewController.xib in Resources */,
				BA8327A023E46FAC0084D385 /* Debug.jpg in Resources */,
				BA8327A923E470E60084D385 /* Validate.jpg in Resources */,
				BA8327B123E4732B0084D385 /* Step.jpg in Resources */,
				BA8327A423E46FAC0084D385 /* Enable.jpg in Resources */,
				BA0ED7C32408ADF4008D566F /* switch1_off.jpg in Resources */,
				BA8327AF23E4732B0084D385 /* Stop.jpg in Resources */,
				BA22959C241CC1160011D010 /* PowerViewController.xib in Resources */,
				BA0ED7D92408ADF4008D566F /* StimMainVC.xib in Resources */,
				BA8327AB23E4713C0084D385 /* Save.jpg in Resources */,
				BA0ED7CA2408ADF4008D566F /* BUTTON_PRESS.jpg in Resources */,
				BA0ED7B62408ADF4008D566F /* StimCmdList_V2.plist in Resources */,
				BA0ED7C12408ADF4008D566F /* NTC.jpg in Resources */,
				BA0ED7C82408ADF4008D566F /* DISCHARGE.jpg in Resources */,
				BA0ED7C22408ADF4008D566F /* RIGEL.jpg in Resources */,
				BA229276240DE69D0011D010 /* LeftFileVC.xib in Resources */,
				BA0ED74C23F41308008D566F /* copy.jpg in Resources */,
				BA8327B023E4732B0084D385 /* Start.jpg in Resources */,
				BA229285240E4A100011D010 /* Example1_PP_FCT__20190909_V1.csv in Resources */,
				BA0ED7D32408ADF4008D566F /* DischargeViewController.xib in Resources */,
				BA0ED7C42408ADF4008D566F /* POWER.jpg in Resources */,
				BA0ED7C62408ADF4008D566F /* switch2_off.jpg in Resources */,
				BA2292ED240E616F0011D010 /* recycle.jpg in Resources */,
				71B0A0A91DCB27A3004165A8 /* splitOpen@2x.png in Resources */,
				BA0ED7C02408ADF4008D566F /* switch2_on.jpg in Resources */,
				BA0ED7CC2408ADF4008D566F /* ORIONViewController.xib in Resources */,
				71B0A0AA1DCB27A3004165A8 /* splitOpen.png in Resources */,
				BA8327BA23E733360084D385 /* Show.jpg in Resources */,
				BA8327B323E473300084D385 /* Log.jpg in Resources */,
				BA8327BB23E733360084D385 /* Show_No.jpg in Resources */,
				BA8327A323E46FAC0084D385 /* Column.jpg in Resources */,
				BA0ED7C72408ADF4008D566F /* switch1_on.jpg in Resources */,
				BA0ED7BF2408ADF4008D566F /* E_Load.jpg in Resources */,
				711BA3541DCB0E5300E931F3 /* Main.storyboard in Resources */,
				BA83278F23E28EF20084D385 /* openDB@2x.png in Resources */,
				BA8327A523E46FAD0084D385 /* Resize.jpg in Resources */,
				BA8327B523E473380084D385 /* Reset.jpg in Resources */,
				BA83277F23D19BBE0084D385 /* DebugVC.xib in Resources */,
				BA0ED74E23F41313008D566F /* paste.jpg in Resources */,
				BA83277523D19AF40084D385 /* TestPlanVC.xib in Resources */,
				BA0ED7D22408ADF4008D566F /* NTCViewController.xib in Resources */,
				BA8327A723E470B20084D385 /* Disable.jpg in Resources */,
				BA8327D123E91B990084D385 /* ColumnVC.xib in Resources */,
				BA0ED7D02408ADF4008D566F /* ResAudioViewController.xib in Resources */,
				BA0ED7BE2408ADF4008D566F /* ORION.jpg in Resources */,
				BA0ED7C52408ADF4008D566F /* ResAudio.jpg in Resources */,
			);
			runOnlyForDeploymentPostprocessing = 0;
		};
/* End PBXResourcesBuildPhase section */

/* Begin PBXSourcesBuildPhase section */
		711BA3401DCB0E5300E931F3 /* Sources */ = {
			isa = PBXSourcesBuildPhase;
			buildActionMask = 2147483647;
			files = (
				BA0ED7D72408ADF4008D566F /* STIMBaseViewController.mm in Sources */,
				BA229275240DE69D0011D010 /* LeftFileVC.m in Sources */,
				BA0ED7B42408ADF4008D566F /* CommandHandler.mm in Sources */,
				BA0ED7B72408ADF4008D566F /* ExtensionConst.mm in Sources */,
				BA2295A7241CC2340011D010 /* Publisher.cpp in Sources */,
				BA0ED7CF2408ADF4008D566F /* ResAudioViewController.mm in Sources */,
				BA0ED7B52408ADF4008D566F /* DebugLog.mm in Sources */,
				BA2295A8241CC2340011D010 /* Subscriber.cpp in Sources */,
				BA0ED7D62408ADF4008D566F /* RigelViewController.mm in Sources */,
				BA8327D023E91B990084D385 /* ColumnVC.m in Sources */,
				BA0ED7D12408ADF4008D566F /* NTCViewController.mm in Sources */,
				BA0ED7CB2408ADF4008D566F /* ORIONViewController.mm in Sources */,
				BA0ED7D42408ADF4008D566F /* DischargeViewController.mm in Sources */,
				BA0ED7BC2408ADF4008D566F /* ButtonPressViewController.mm in Sources */,
				711BA3601DCB270200E931F3 /* WindowController.m in Sources */,
				BA2295AA241CC2340011D010 /* Replier.cpp in Sources */,
				BA8327C623E7F3D60084D385 /* DebugSettingVC.m in Sources */,
				BA2295A9241CC2340011D010 /* Requester.cpp in Sources */,
				BA229596241CC0620011D010 /* RegexKitLite.m in Sources */,
				BA83277E23D19BBE0084D385 /* DebugVC.m in Sources */,
				BA229279240DED500011D010 /* OutlineView.m in Sources */,
				BA83277423D19AF40084D385 /* TestPlanVC.m in Sources */,
				BA22959D241CC1160011D010 /* PowerViewController.mm in Sources */,
				BA0ED7D82408ADF4008D566F /* StimMainVC.m in Sources */,
				BA0ED7BB2408ADF4008D566F /* ELoadViewController.mm in Sources */,
				BA0ED7CD2408ADF4008D566F /* DMICViewController.mm in Sources */,
				BA0ED7DA2408ADF4008D566F /* StimTabViewController.mm in Sources */,
				BA229593241CC0250011D010 /* DutController.mm in Sources */,
				711BA34C1DCB0E5300E931F3 /* main.m in Sources */,
				BA83277923D19B4B0084D385 /* ShowingLogVC.m in Sources */,
				711BA3491DCB0E5300E931F3 /* AppDelegate.m in Sources */,
				711BA35D1DCB0EFE00E931F3 /* SplitViewController.m in Sources */,
			);
			runOnlyForDeploymentPostprocessing = 0;
		};
/* End PBXSourcesBuildPhase section */

/* Begin PBXVariantGroup section */
		711BA3521DCB0E5300E931F3 /* Main.storyboard */ = {
			isa = PBXVariantGroup;
			children = (
				711BA3531DCB0E5300E931F3 /* Base */,
			);
			name = Main.storyboard;
			sourceTree = "<group>";
		};
/* End PBXVariantGroup section */

/* Begin XCBuildConfiguration section */
		711BA3561DCB0E5300E931F3 /* Debug */ = {
			isa = XCBuildConfiguration;
			buildSettings = {
				ALWAYS_SEARCH_USER_PATHS = NO;
				CLANG_ANALYZER_NONNULL = YES;
				CLANG_CXX_LANGUAGE_STANDARD = "gnu++0x";
				CLANG_CXX_LIBRARY = "libc++";
				CLANG_ENABLE_MODULES = YES;
				CLANG_ENABLE_OBJC_ARC = YES;
				CLANG_WARN_BOOL_CONVERSION = YES;
				CLANG_WARN_CONSTANT_CONVERSION = YES;
				CLANG_WARN_DIRECT_OBJC_ISA_USAGE = YES_ERROR;
				CLANG_WARN_DOCUMENTATION_COMMENTS = YES;
				CLANG_WARN_EMPTY_BODY = YES;
				CLANG_WARN_ENUM_CONVERSION = YES;
				CLANG_WARN_INFINITE_RECURSION = YES;
				CLANG_WARN_INT_CONVERSION = YES;
				CLANG_WARN_OBJC_ROOT_CLASS = YES_ERROR;
				CLANG_WARN_SUSPICIOUS_MOVES = YES;
				CLANG_WARN_UNREACHABLE_CODE = YES;
				CLANG_WARN__DUPLICATE_METHOD_MATCH = YES;
				CODE_SIGN_IDENTITY = "-";
				COPY_PHASE_STRIP = NO;
				DEBUG_INFORMATION_FORMAT = dwarf;
				ENABLE_STRICT_OBJC_MSGSEND = YES;
				ENABLE_TESTABILITY = YES;
				GCC_C_LANGUAGE_STANDARD = gnu99;
				GCC_DYNAMIC_NO_PIC = NO;
				GCC_NO_COMMON_BLOCKS = YES;
				GCC_OPTIMIZATION_LEVEL = 0;
				GCC_PREPROCESSOR_DEFINITIONS = (
					"DEBUG=1",
					"$(inherited)",
				);
				GCC_WARN_64_TO_32_BIT_CONVERSION = YES;
				GCC_WARN_ABOUT_RETURN_TYPE = YES_ERROR;
				GCC_WARN_UNDECLARED_SELECTOR = YES;
				GCC_WARN_UNINITIALIZED_AUTOS = YES_AGGRESSIVE;
				GCC_WARN_UNUSED_FUNCTION = YES;
				GCC_WARN_UNUSED_VARIABLE = YES;
				MACOSX_DEPLOYMENT_TARGET = 10.12;
				MTL_ENABLE_DEBUG_INFO = YES;
				ONLY_ACTIVE_ARCH = YES;
				SDKROOT = macosx;
			};
			name = Debug;
		};
		711BA3571DCB0E5300E931F3 /* Release */ = {
			isa = XCBuildConfiguration;
			buildSettings = {
				ALWAYS_SEARCH_USER_PATHS = NO;
				CLANG_ANALYZER_NONNULL = YES;
				CLANG_CXX_LANGUAGE_STANDARD = "gnu++0x";
				CLANG_CXX_LIBRARY = "libc++";
				CLANG_ENABLE_MODULES = YES;
				CLANG_ENABLE_OBJC_ARC = YES;
				CLANG_WARN_BOOL_CONVERSION = YES;
				CLANG_WARN_CONSTANT_CONVERSION = YES;
				CLANG_WARN_DIRECT_OBJC_ISA_USAGE = YES_ERROR;
				CLANG_WARN_DOCUMENTATION_COMMENTS = YES;
				CLANG_WARN_EMPTY_BODY = YES;
				CLANG_WARN_ENUM_CONVERSION = YES;
				CLANG_WARN_INFINITE_RECURSION = YES;
				CLANG_WARN_INT_CONVERSION = YES;
				CLANG_WARN_OBJC_ROOT_CLASS = YES_ERROR;
				CLANG_WARN_SUSPICIOUS_MOVES = YES;
				CLANG_WARN_UNREACHABLE_CODE = YES;
				CLANG_WARN__DUPLICATE_METHOD_MATCH = YES;
				CODE_SIGN_IDENTITY = "-";
				COPY_PHASE_STRIP = NO;
				DEBUG_INFORMATION_FORMAT = "dwarf-with-dsym";
				ENABLE_NS_ASSERTIONS = NO;
				ENABLE_STRICT_OBJC_MSGSEND = YES;
				GCC_C_LANGUAGE_STANDARD = gnu99;
				GCC_NO_COMMON_BLOCKS = YES;
				GCC_WARN_64_TO_32_BIT_CONVERSION = YES;
				GCC_WARN_ABOUT_RETURN_TYPE = YES_ERROR;
				GCC_WARN_UNDECLARED_SELECTOR = YES;
				GCC_WARN_UNINITIALIZED_AUTOS = YES_AGGRESSIVE;
				GCC_WARN_UNUSED_FUNCTION = YES;
				GCC_WARN_UNUSED_VARIABLE = YES;
				MACOSX_DEPLOYMENT_TARGET = 10.12;
				MTL_ENABLE_DEBUG_INFO = NO;
				SDKROOT = macosx;
			};
			name = Release;
		};
		711BA3591DCB0E5300E931F3 /* Debug */ = {
			isa = XCBuildConfiguration;
			buildSettings = {
				COMBINE_HIDPI_IMAGES = YES;
				FRAMEWORK_SEARCH_PATHS = (
					"$(inherited)",
					"$(PROJECT_DIR)",
				);
				INFOPLIST_FILE = TestPlanEditor/Info.plist;
				LD_RUNPATH_SEARCH_PATHS = "$(inherited) @executable_path/../Frameworks";
				LIBRARY_SEARCH_PATHS = (
					"$(inherited)",
					"$(PROJECT_DIR)/TestPlanEditor/LuaOnC",
					"$(PROJECT_DIR)",
				);
				MACOSX_DEPLOYMENT_TARGET = 10.11;
				OTHER_LDFLAGS = "-ObjC";
				PRODUCT_BUNDLE_IDENTIFIER = app.io.TestPlanEditor;
				PRODUCT_NAME = "$(TARGET_NAME)";
			};
			name = Debug;
		};
		711BA35A1DCB0E5300E931F3 /* Release */ = {
			isa = XCBuildConfiguration;
			buildSettings = {
				COMBINE_HIDPI_IMAGES = YES;
				FRAMEWORK_SEARCH_PATHS = (
					"$(inherited)",
					"$(PROJECT_DIR)",
				);
				INFOPLIST_FILE = TestPlanEditor/Info.plist;
				LD_RUNPATH_SEARCH_PATHS = "$(inherited) @executable_path/../Frameworks";
				LIBRARY_SEARCH_PATHS = (
					"$(inherited)",
					"$(PROJECT_DIR)/TestPlanEditor/LuaOnC",
					"$(PROJECT_DIR)",
				);
				MACOSX_DEPLOYMENT_TARGET = 10.11;
				OTHER_LDFLAGS = "-ObjC";
				PRODUCT_BUNDLE_IDENTIFIER = app.io.TestPlanEditor;
				PRODUCT_NAME = "$(TARGET_NAME)";
			};
			name = Release;
		};
/* End XCBuildConfiguration section */

/* Begin XCConfigurationList section */
		711BA33F1DCB0E5300E931F3 /* Build configuration list for PBXProject "TestPlanEditor" */ = {
			isa = XCConfigurationList;
			buildConfigurations = (
				711BA3561DCB0E5300E931F3 /* Debug */,
				711BA3571DCB0E5300E931F3 /* Release */,
			);
			defaultConfigurationIsVisible = 0;
			defaultConfigurationName = Release;
		};
		711BA3581DCB0E5300E931F3 /* Build configuration list for PBXNativeTarget "TestPlanEditor" */ = {
			isa = XCConfigurationList;
			buildConfigurations = (
				711BA3591DCB0E5300E931F3 /* Debug */,
				711BA35A1DCB0E5300E931F3 /* Release */,
			);
			defaultConfigurationIsVisible = 0;
			defaultConfigurationName = Release;
		};
/* End XCConfigurationList section */
	};
	rootObject = 711BA33C1DCB0E5300E931F3 /* Project object */;
}
